
Microsoft Visual Studio Solution File, Format Version 12.00
# Visual Studio Version 17
VisualStudioVersion = 17.11.35327.3
MinimumVisualStudioVersion = 10.0.40219.1
Project("{2150E333-8FDC-42A3-9474-1A3956D46DE8}") = "Task0", "Task0", "{8F129CAC-B26F-4968-B6C5-45B83CA4D415}"
EndProject
Project("{9A19103F-16F7-4668-BE54-9A1E7A4F7556}") = "Tyuiu.HoteevaEV.Sprint3.Task0.V28", "Tyuiu.HoteevaEV.Sprint3.Task0.V28\Tyuiu.HoteevaEV.Sprint3.Task0.V28.csproj", "{CB2FFCAE-97C0-4AD3-9372-A0F9B9E6FE3E}"
EndProject
Project("{9A19103F-16F7-4668-BE54-9A1E7A4F7556}") = "Tyuiu.HoteevaEV.Sprint3.Task0.V28.Lib", "Tyuiu.HoteevaEV.Sprint3.Task0.V28.Lib\Tyuiu.HoteevaEV.Sprint3.Task0.V28.Lib.csproj", "{0835CF10-C070-4EDB-888B-8026233354B9}"
EndProject
Project("{9A19103F-16F7-4668-BE54-9A1E7A4F7556}") = "Tyuiu.HoteevaEV.Sprint3.Task0.V28.Test", "Tyuiu.HoteevaEV.Sprint3.Task0.V28.Test\Tyuiu.HoteevaEV.Sprint3.Task0.V28.Test.csproj", "{D3ED368E-3907-4B87-B79C-886B32B4CF53}"
EndProject
Project("{2150E333-8FDC-42A3-9474-1A3956D46DE8}") = "Task1", "Task1", "{D0F75BD8-E475-4AB8-803A-3473D0C4FFB1}"
EndProject
Project("{9A19103F-16F7-4668-BE54-9A1E7A4F7556}") = "Tyuiu.HoteevaEV.Sprint3.Task1.V25", "Tyuiu.HoteevaEV.Sprint3.Task1.V25\Tyuiu.HoteevaEV.Sprint3.Task1.V25.csproj", "{E865E012-6340-4F15-ACF7-47A8406C80B9}"
EndProject
Project("{9A19103F-16F7-4668-BE54-9A1E7A4F7556}") = "Tyuiu.HoteevaEV.Sprint3.Task1.V25.Lib", "Tyuiu.HoteevaEV.Sprint3.Task1.V25.Lib\Tyuiu.HoteevaEV.Sprint3.Task1.V25.Lib.csproj", "{5FEDB208-D724-4BEB-91E6-14324A6CD60A}"
EndProject
Project("{9A19103F-16F7-4668-BE54-9A1E7A4F7556}") = "Tyuiu.HoteevaEV.Sprint3.Task1.V25.Test", "Tyuiu.HoteevaEV.Sprint3.Task1.V25.Test\Tyuiu.HoteevaEV.Sprint3.Task1.V25.Test.csproj", "{4A2CB979-9F3B-4658-A35B-C902F938889B}"
EndProject
Project("{2150E333-8FDC-42A3-9474-1A3956D46DE8}") = "Task2", "Task2", "{F7BD4495-25FD-4F59-9081-6061126B8A35}"
EndProject
Project("{9A19103F-16F7-4668-BE54-9A1E7A4F7556}") = "Tyuiu.HoteevaEV.Sprint3.Task2.V8", "Tyuiu.HoteevaEV.Sprint3.Task2.V8\Tyuiu.HoteevaEV.Sprint3.Task2.V8.csproj", "{9FABA140-6266-4978-9CE2-93FE1F8E5FD6}"
EndProject
Project("{9A19103F-16F7-4668-BE54-9A1E7A4F7556}") = "Tyuiu.HoteevaEV.Sprint3.Task2.V8.Lib", "Tyuiu.HoteevaEV.Sprint3.Task2.V8.Lib\Tyuiu.HoteevaEV.Sprint3.Task2.V8.Lib.csproj", "{A0F8E1C4-D068-4873-B0A4-6837F572EF9D}"
EndProject
Project("{9A19103F-16F7-4668-BE54-9A1E7A4F7556}") = "Tyuiu.HoteevaEV.Sprint3.Task2.V8.Test", "Tyuiu.HoteevaEV.Sprint3.Task2.V8.Test\Tyuiu.HoteevaEV.Sprint3.Task2.V8.Test.csproj", "{E82A996C-F45E-426B-97C6-4C02E99D7C90}"
EndProject
Project("{2150E333-8FDC-42A3-9474-1A3956D46DE8}") = "Task3", "Task3", "{74A81E73-0B9F-448C-9E84-821999B320A3}"
EndProject
Project("{9A19103F-16F7-4668-BE54-9A1E7A4F7556}") = "Tyuiu.HoteevaEV.Sprint3.Task3.V6", "Tyuiu.HoteevaEV.Sprint3.Task3.V6\Tyuiu.HoteevaEV.Sprint3.Task3.V6.csproj", "{9328AE4D-0DDD-4DC9-9DEF-E7E3C7FECEB3}"
EndProject
Project("{9A19103F-16F7-4668-BE54-9A1E7A4F7556}") = "Tyuiu.HoteevaEV.Sprint3.Task3.V6.Lib", "Tyuiu.HoteevaEV.Sprint3.Task3.V6.Lib\Tyuiu.HoteevaEV.Sprint3.Task3.V6.Lib.csproj", "{652585B2-3B31-4F1B-AF54-E1BD7F20779B}"
EndProject
Project("{9A19103F-16F7-4668-BE54-9A1E7A4F7556}") = "Tyuiu.HoteevaEV.Sprint3.Task3.V6.Test", "Tyuiu.HoteevaEV.Sprint3.Task3.V6.Test\Tyuiu.HoteevaEV.Sprint3.Task3.V6.Test.csproj", "{EF951875-E9A3-468C-948B-768571F68683}"
EndProject
Project("{2150E333-8FDC-42A3-9474-1A3956D46DE8}") = "Task4", "Task4", "{87D51F24-8119-4C99-9663-F89F8306880E}"
EndProject
Project("{9A19103F-16F7-4668-BE54-9A1E7A4F7556}") = "Tyuiu.HoteevaEV.Sprint3.Task4.V30", "Tyuiu.HoteevaEV.Sprint3.Task4.V30\Tyuiu.HoteevaEV.Sprint3.Task4.V30.csproj", "{46630B63-9FFC-4B2D-8A8E-5238D2E22949}"
EndProject
Project("{9A19103F-16F7-4668-BE54-9A1E7A4F7556}") = "Tyuiu.HoteevaEV.Sprint3.Task4.V30.Lib", "Tyuiu.HoteevaEV.Sprint3.Task4.V30.Lib\Tyuiu.HoteevaEV.Sprint3.Task4.V30.Lib.csproj", "{867D8CC6-65A6-4469-86FB-866A490C3BF3}"
EndProject
Project("{9A19103F-16F7-4668-BE54-9A1E7A4F7556}") = "Tyuiu.HoteevaEV.Sprint3.Task4.V30.Test", "Tyuiu.HoteevaEV.Sprint3.Task4.V30.Test\Tyuiu.HoteevaEV.Sprint3.Task4.V30.Test.csproj", "{D9DECF58-6A62-4AA7-A762-69626BF9F649}"
EndProject
Project("{2150E333-8FDC-42A3-9474-1A3956D46DE8}") = "Task5", "Task5", "{802875F4-EF87-430C-96CC-F6540018A258}"
EndProject
Project("{9A19103F-16F7-4668-BE54-9A1E7A4F7556}") = "Tyuiu.HoteevaEV.Sprint3.Task5.V21", "Tyuiu.HoteevaEV.Sprint3.Task5.V21\Tyuiu.HoteevaEV.Sprint3.Task5.V21.csproj", "{C63A4CCC-CC17-4017-943F-87AFA297DB0C}"
EndProject
Project("{9A19103F-16F7-4668-BE54-9A1E7A4F7556}") = "Tyuiu.HoteevaEV.Sprint3.Task5.V21.Lib", "Tyuiu.HoteevaEV.Sprint3.Task5.V21.Lib\Tyuiu.HoteevaEV.Sprint3.Task5.V21.Lib.csproj", "{6BCF5F76-C76F-471A-BDEA-B7104BA7BB65}"
EndProject
Project("{9A19103F-16F7-4668-BE54-9A1E7A4F7556}") = "Tyuiu.HoteevaEV.Sprint3.Task5.V21.Test", "Tyuiu.HoteevaEV.Sprint3.Task5.V21.Test\Tyuiu.HoteevaEV.Sprint3.Task5.V21.Test.csproj", "{C05A4080-7393-47D1-9D11-3BBA2480CF5E}"
EndProject
Project("{2150E333-8FDC-42A3-9474-1A3956D46DE8}") = "Task6", "Task6", "{464584AA-0C96-4EC6-B9ED-4626C1AC4AD2}"
EndProject
Project("{FAE04EC0-301F-11D3-BF4B-00C04F79EFBC}") = "Tyuiu.HoteevaEV.Sprint3.Task6.V18", "Tyuiu.HoteevaEV.Sprint3.Task6.V18\Tyuiu.HoteevaEV.Sprint3.Task6.V18.csproj", "{B2240D65-5F01-4F77-95F3-440A09F95770}"
EndProject
Project("{FAE04EC0-301F-11D3-BF4B-00C04F79EFBC}") = "Tyuiu.HoteevaEV.Sprint3.Task6.V18.Lib", "Tyuiu.HoteevaEV.Sprint3.Task6.V18.Lib\Tyuiu.HoteevaEV.Sprint3.Task6.V18.Lib.csproj", "{242C39B7-5100-497C-AB64-E3634E4AC49B}"
EndProject
Project("{FAE04EC0-301F-11D3-BF4B-00C04F79EFBC}") = "Tyuiu.HoteevaEV.Sprint3.Task6.V18.Test", "Tyuiu.HoteevaEV.Sprint3.Task6.V18.Test\Tyuiu.HoteevaEV.Sprint3.Task6.V18.Test.csproj", "{CCC58AA9-EB78-4189-80C7-BAB779FC7AA5}"
EndProject
Global
	GlobalSection(SolutionConfigurationPlatforms) = preSolution
		Debug|Any CPU = Debug|Any CPU
		Release|Any CPU = Release|Any CPU
	EndGlobalSection
	GlobalSection(ProjectConfigurationPlatforms) = postSolution
		{CB2FFCAE-97C0-4AD3-9372-A0F9B9E6FE3E}.Debug|Any CPU.ActiveCfg = Debug|Any CPU
		{CB2FFCAE-97C0-4AD3-9372-A0F9B9E6FE3E}.Debug|Any CPU.Build.0 = Debug|Any CPU
		{CB2FFCAE-97C0-4AD3-9372-A0F9B9E6FE3E}.Release|Any CPU.ActiveCfg = Release|Any CPU
		{CB2FFCAE-97C0-4AD3-9372-A0F9B9E6FE3E}.Release|Any CPU.Build.0 = Release|Any CPU
		{0835CF10-C070-4EDB-888B-8026233354B9}.Debug|Any CPU.ActiveCfg = Debug|Any CPU
		{0835CF10-C070-4EDB-888B-8026233354B9}.Debug|Any CPU.Build.0 = Debug|Any CPU
		{0835CF10-C070-4EDB-888B-8026233354B9}.Release|Any CPU.ActiveCfg = Release|Any CPU
		{0835CF10-C070-4EDB-888B-8026233354B9}.Release|Any CPU.Build.0 = Release|Any CPU
		{D3ED368E-3907-4B87-B79C-886B32B4CF53}.Debug|Any CPU.ActiveCfg = Debug|Any CPU
		{D3ED368E-3907-4B87-B79C-886B32B4CF53}.Debug|Any CPU.Build.0 = Debug|Any CPU
		{D3ED368E-3907-4B87-B79C-886B32B4CF53}.Release|Any CPU.ActiveCfg = Release|Any CPU
		{D3ED368E-3907-4B87-B79C-886B32B4CF53}.Release|Any CPU.Build.0 = Release|Any CPU
		{E865E012-6340-4F15-ACF7-47A8406C80B9}.Debug|Any CPU.ActiveCfg = Debug|Any CPU
		{E865E012-6340-4F15-ACF7-47A8406C80B9}.Debug|Any CPU.Build.0 = Debug|Any CPU
		{E865E012-6340-4F15-ACF7-47A8406C80B9}.Release|Any CPU.ActiveCfg = Release|Any CPU
		{E865E012-6340-4F15-ACF7-47A8406C80B9}.Release|Any CPU.Build.0 = Release|Any CPU
		{5FEDB208-D724-4BEB-91E6-14324A6CD60A}.Debug|Any CPU.ActiveCfg = Debug|Any CPU
		{5FEDB208-D724-4BEB-91E6-14324A6CD60A}.Debug|Any CPU.Build.0 = Debug|Any CPU
		{5FEDB208-D724-4BEB-91E6-14324A6CD60A}.Release|Any CPU.ActiveCfg = Release|Any CPU
		{5FEDB208-D724-4BEB-91E6-14324A6CD60A}.Release|Any CPU.Build.0 = Release|Any CPU
		{4A2CB979-9F3B-4658-A35B-C902F938889B}.Debug|Any CPU.ActiveCfg = Debug|Any CPU
		{4A2CB979-9F3B-4658-A35B-C902F938889B}.Debug|Any CPU.Build.0 = Debug|Any CPU
		{4A2CB979-9F3B-4658-A35B-C902F938889B}.Release|Any CPU.ActiveCfg = Release|Any CPU
		{4A2CB979-9F3B-4658-A35B-C902F938889B}.Release|Any CPU.Build.0 = Release|Any CPU
		{9FABA140-6266-4978-9CE2-93FE1F8E5FD6}.Debug|Any CPU.ActiveCfg = Debug|Any CPU
		{9FABA140-6266-4978-9CE2-93FE1F8E5FD6}.Debug|Any CPU.Build.0 = Debug|Any CPU
		{9FABA140-6266-4978-9CE2-93FE1F8E5FD6}.Release|Any CPU.ActiveCfg = Release|Any CPU
		{9FABA140-6266-4978-9CE2-93FE1F8E5FD6}.Release|Any CPU.Build.0 = Release|Any CPU
		{A0F8E1C4-D068-4873-B0A4-6837F572EF9D}.Debug|Any CPU.ActiveCfg = Debug|Any CPU
		{A0F8E1C4-D068-4873-B0A4-6837F572EF9D}.Debug|Any CPU.Build.0 = Debug|Any CPU
		{A0F8E1C4-D068-4873-B0A4-6837F572EF9D}.Release|Any CPU.ActiveCfg = Release|Any CPU
		{A0F8E1C4-D068-4873-B0A4-6837F572EF9D}.Release|Any CPU.Build.0 = Release|Any CPU
		{E82A996C-F45E-426B-97C6-4C02E99D7C90}.Debug|Any CPU.ActiveCfg = Debug|Any CPU
		{E82A996C-F45E-426B-97C6-4C02E99D7C90}.Debug|Any CPU.Build.0 = Debug|Any CPU
		{E82A996C-F45E-426B-97C6-4C02E99D7C90}.Release|Any CPU.ActiveCfg = Release|Any CPU
		{E82A996C-F45E-426B-97C6-4C02E99D7C90}.Release|Any CPU.Build.0 = Release|Any CPU
		{9328AE4D-0DDD-4DC9-9DEF-E7E3C7FECEB3}.Debug|Any CPU.ActiveCfg = Debug|Any CPU
		{9328AE4D-0DDD-4DC9-9DEF-E7E3C7FECEB3}.Debug|Any CPU.Build.0 = Debug|Any CPU
		{9328AE4D-0DDD-4DC9-9DEF-E7E3C7FECEB3}.Release|Any CPU.ActiveCfg = Release|Any CPU
		{9328AE4D-0DDD-4DC9-9DEF-E7E3C7FECEB3}.Release|Any CPU.Build.0 = Release|Any CPU
		{652585B2-3B31-4F1B-AF54-E1BD7F20779B}.Debug|Any CPU.ActiveCfg = Debug|Any CPU
		{652585B2-3B31-4F1B-AF54-E1BD7F20779B}.Debug|Any CPU.Build.0 = Debug|Any CPU
		{652585B2-3B31-4F1B-AF54-E1BD7F20779B}.Release|Any CPU.ActiveCfg = Release|Any CPU
		{652585B2-3B31-4F1B-AF54-E1BD7F20779B}.Release|Any CPU.Build.0 = Release|Any CPU
		{EF951875-E9A3-468C-948B-768571F68683}.Debug|Any CPU.ActiveCfg = Debug|Any CPU
		{EF951875-E9A3-468C-948B-768571F68683}.Debug|Any CPU.Build.0 = Debug|Any CPU
		{EF951875-E9A3-468C-948B-768571F68683}.Release|Any CPU.ActiveCfg = Release|Any CPU
		{EF951875-E9A3-468C-948B-768571F68683}.Release|Any CPU.Build.0 = Release|Any CPU
		{46630B63-9FFC-4B2D-8A8E-5238D2E22949}.Debug|Any CPU.ActiveCfg = Debug|Any CPU
		{46630B63-9FFC-4B2D-8A8E-5238D2E22949}.Debug|Any CPU.Build.0 = Debug|Any CPU
		{46630B63-9FFC-4B2D-8A8E-5238D2E22949}.Release|Any CPU.ActiveCfg = Release|Any CPU
		{46630B63-9FFC-4B2D-8A8E-5238D2E22949}.Release|Any CPU.Build.0 = Release|Any CPU
		{867D8CC6-65A6-4469-86FB-866A490C3BF3}.Debug|Any CPU.ActiveCfg = Debug|Any CPU
		{867D8CC6-65A6-4469-86FB-866A490C3BF3}.Debug|Any CPU.Build.0 = Debug|Any CPU
		{867D8CC6-65A6-4469-86FB-866A490C3BF3}.Release|Any CPU.ActiveCfg = Release|Any CPU
		{867D8CC6-65A6-4469-86FB-866A490C3BF3}.Release|Any CPU.Build.0 = Release|Any CPU
		{D9DECF58-6A62-4AA7-A762-69626BF9F649}.Debug|Any CPU.ActiveCfg = Debug|Any CPU
		{D9DECF58-6A62-4AA7-A762-69626BF9F649}.Debug|Any CPU.Build.0 = Debug|Any CPU
		{D9DECF58-6A62-4AA7-A762-69626BF9F649}.Release|Any CPU.ActiveCfg = Release|Any CPU
		{D9DECF58-6A62-4AA7-A762-69626BF9F649}.Release|Any CPU.Build.0 = Release|Any CPU
		{C63A4CCC-CC17-4017-943F-87AFA297DB0C}.Debug|Any CPU.ActiveCfg = Debug|Any CPU
		{C63A4CCC-CC17-4017-943F-87AFA297DB0C}.Debug|Any CPU.Build.0 = Debug|Any CPU
		{C63A4CCC-CC17-4017-943F-87AFA297DB0C}.Release|Any CPU.ActiveCfg = Release|Any CPU
		{C63A4CCC-CC17-4017-943F-87AFA297DB0C}.Release|Any CPU.Build.0 = Release|Any CPU
		{6BCF5F76-C76F-471A-BDEA-B7104BA7BB65}.Debug|Any CPU.ActiveCfg = Debug|Any CPU
		{6BCF5F76-C76F-471A-BDEA-B7104BA7BB65}.Debug|Any CPU.Build.0 = Debug|Any CPU
		{6BCF5F76-C76F-471A-BDEA-B7104BA7BB65}.Release|Any CPU.ActiveCfg = Release|Any CPU
		{6BCF5F76-C76F-471A-BDEA-B7104BA7BB65}.Release|Any CPU.Build.0 = Release|Any CPU
		{C05A4080-7393-47D1-9D11-3BBA2480CF5E}.Debug|Any CPU.ActiveCfg = Debug|Any CPU
		{C05A4080-7393-47D1-9D11-3BBA2480CF5E}.Debug|Any CPU.Build.0 = Debug|Any CPU
		{C05A4080-7393-47D1-9D11-3BBA2480CF5E}.Release|Any CPU.ActiveCfg = Release|Any CPU
		{C05A4080-7393-47D1-9D11-3BBA2480CF5E}.Release|Any CPU.Build.0 = Release|Any CPU
		{B2240D65-5F01-4F77-95F3-440A09F95770}.Debug|Any CPU.ActiveCfg = Debug|Any CPU
		{B2240D65-5F01-4F77-95F3-440A09F95770}.Debug|Any CPU.Build.0 = Debug|Any CPU
		{B2240D65-5F01-4F77-95F3-440A09F95770}.Release|Any CPU.ActiveCfg = Release|Any CPU
		{B2240D65-5F01-4F77-95F3-440A09F95770}.Release|Any CPU.Build.0 = Release|Any CPU
		{242C39B7-5100-497C-AB64-E3634E4AC49B}.Debug|Any CPU.ActiveCfg = Debug|Any CPU
		{242C39B7-5100-497C-AB64-E3634E4AC49B}.Debug|Any CPU.Build.0 = Debug|Any CPU
		{242C39B7-5100-497C-AB64-E3634E4AC49B}.Release|Any CPU.ActiveCfg = Release|Any CPU
		{242C39B7-5100-497C-AB64-E3634E4AC49B}.Release|Any CPU.Build.0 = Release|Any CPU
		{CCC58AA9-EB78-4189-80C7-BAB779FC7AA5}.Debug|Any CPU.ActiveCfg = Debug|Any CPU
		{CCC58AA9-EB78-4189-80C7-BAB779FC7AA5}.Debug|Any CPU.Build.0 = Debug|Any CPU
		{CCC58AA9-EB78-4189-80C7-BAB779FC7AA5}.Release|Any CPU.ActiveCfg = Release|Any CPU
		{CCC58AA9-EB78-4189-80C7-BAB779FC7AA5}.Release|Any CPU.Build.0 = Release|Any CPU
	EndGlobalSection
	GlobalSection(SolutionProperties) = preSolution
		HideSolutionNode = FALSE
	EndGlobalSection
	GlobalSection(NestedProjects) = preSolution
		{CB2FFCAE-97C0-4AD3-9372-A0F9B9E6FE3E} = {8F129CAC-B26F-4968-B6C5-45B83CA4D415}
		{0835CF10-C070-4EDB-888B-8026233354B9} = {8F129CAC-B26F-4968-B6C5-45B83CA4D415}
		{D3ED368E-3907-4B87-B79C-886B32B4CF53} = {8F129CAC-B26F-4968-B6C5-45B83CA4D415}
		{E865E012-6340-4F15-ACF7-47A8406C80B9} = {D0F75BD8-E475-4AB8-803A-3473D0C4FFB1}
		{5FEDB208-D724-4BEB-91E6-14324A6CD60A} = {D0F75BD8-E475-4AB8-803A-3473D0C4FFB1}
		{4A2CB979-9F3B-4658-A35B-C902F938889B} = {D0F75BD8-E475-4AB8-803A-3473D0C4FFB1}
		{9FABA140-6266-4978-9CE2-93FE1F8E5FD6} = {F7BD4495-25FD-4F59-9081-6061126B8A35}
		{A0F8E1C4-D068-4873-B0A4-6837F572EF9D} = {F7BD4495-25FD-4F59-9081-6061126B8A35}
		{E82A996C-F45E-426B-97C6-4C02E99D7C90} = {F7BD4495-25FD-4F59-9081-6061126B8A35}
		{9328AE4D-0DDD-4DC9-9DEF-E7E3C7FECEB3} = {74A81E73-0B9F-448C-9E84-821999B320A3}
		{652585B2-3B31-4F1B-AF54-E1BD7F20779B} = {74A81E73-0B9F-448C-9E84-821999B320A3}
		{EF951875-E9A3-468C-948B-768571F68683} = {74A81E73-0B9F-448C-9E84-821999B320A3}
		{46630B63-9FFC-4B2D-8A8E-5238D2E22949} = {87D51F24-8119-4C99-9663-F89F8306880E}
		{867D8CC6-65A6-4469-86FB-866A490C3BF3} = {87D51F24-8119-4C99-9663-F89F8306880E}
		{D9DECF58-6A62-4AA7-A762-69626BF9F649} = {87D51F24-8119-4C99-9663-F89F8306880E}
		{C63A4CCC-CC17-4017-943F-87AFA297DB0C} = {802875F4-EF87-430C-96CC-F6540018A258}
		{6BCF5F76-C76F-471A-BDEA-B7104BA7BB65} = {802875F4-EF87-430C-96CC-F6540018A258}
		{C05A4080-7393-47D1-9D11-3BBA2480CF5E} = {802875F4-EF87-430C-96CC-F6540018A258}
		{B2240D65-5F01-4F77-95F3-440A09F95770} = {464584AA-0C96-4EC6-B9ED-4626C1AC4AD2}
		{242C39B7-5100-497C-AB64-E3634E4AC49B} = {464584AA-0C96-4EC6-B9ED-4626C1AC4AD2}
		{CCC58AA9-EB78-4189-80C7-BAB779FC7AA5} = {464584AA-0C96-4EC6-B9ED-4626C1AC4AD2}
	EndGlobalSection
	GlobalSection(ExtensibilityGlobals) = postSolution
		SolutionGuid = {D5AE05D1-1F11-45BC-BD79-AED43273722C}
	EndGlobalSection
EndGlobal
